
Microsoft Visual Studio Solution File, Format Version 12.00
# Visual Studio Version 16
VisualStudioVersion = 16.0.29920.165
MinimumVisualStudioVersion = 10.0.40219.1
Project("{FAE04EC0-301F-11D3-BF4B-00C04F79EFBC}") = "DirectoryBrowser", "DirectoryBrowser\DirectoryBrowser.csproj", "{FFC696AD-98B1-43F7-878B-A1B3E85D6573}"
EndProject
Global
	GlobalSection(SolutionConfigurationPlatforms) = preSolution
		Debug|Any CPU = Debug|Any CPU
		Release|Any CPU = Release|Any CPU
	EndGlobalSection
	GlobalSection(ProjectConfigurationPlatforms) = postSolution
		{FFC696AD-98B1-43F7-878B-A1B3E85D6573}.Debug|Any CPU.ActiveCfg = Debug|Any CPU
		{FFC696AD-98B1-43F7-878B-A1B3E85D6573}.Debug|Any CPU.Build.0 = Debug|Any CPU
		{FFC696AD-98B1-43F7-878B-A1B3E85D6573}.Release|Any CPU.ActiveCfg = Release|Any CPU
		{FFC696AD-98B1-43F7-878B-A1B3E85D6573}.Release|Any CPU.Build.0 = Release|Any CPU
	EndGlobalSection
	GlobalSection(SolutionProperties) = preSolution
		HideSolutionNode = FALSE
	EndGlobalSection
	GlobalSection(ExtensibilityGlobals) = postSolution
		SolutionGuid = {F0A3E565-C65D-4B29-811F-6DE3D1105B64}
	EndGlobalSection
EndGlobal
