
Microsoft Visual Studio Solution File, Format Version 12.00
# Visual Studio Version 16
VisualStudioVersion = 16.0.29920.165
MinimumVisualStudioVersion = 10.0.40219.1
Project("{FAE04EC0-301F-11D3-BF4B-00C04F79EFBC}") = "Recruitment", "Recruitment\Recruitment.csproj", "{AE6574DE-8EEF-478A-A3AF-573C7265E0F1}"
EndProject
Global
	GlobalSection(SolutionConfigurationPlatforms) = preSolution
		Debug|Any CPU = Debug|Any CPU
		Release|Any CPU = Release|Any CPU
	EndGlobalSection
	GlobalSection(ProjectConfigurationPlatforms) = postSolution
		{AE6574DE-8EEF-478A-A3AF-573C7265E0F1}.Debug|Any CPU.ActiveCfg = Debug|Any CPU
		{AE6574DE-8EEF-478A-A3AF-573C7265E0F1}.Debug|Any CPU.Build.0 = Debug|Any CPU
		{AE6574DE-8EEF-478A-A3AF-573C7265E0F1}.Release|Any CPU.ActiveCfg = Release|Any CPU
		{AE6574DE-8EEF-478A-A3AF-573C7265E0F1}.Release|Any CPU.Build.0 = Release|Any CPU
	EndGlobalSection
	GlobalSection(SolutionProperties) = preSolution
		HideSolutionNode = FALSE
	EndGlobalSection
	GlobalSection(ExtensibilityGlobals) = postSolution
		SolutionGuid = {4AB7C51F-5B55-4139-B5DE-C73B7EA10E89}
	EndGlobalSection
EndGlobal
